{
    "_readme": [
        "This file locks the dependencies of your project to a known state",
        "Read more about it at https://getcomposer.org/doc/01-basic-usage.md#installing-dependencies",
        "This file is @generated automatically"
    ],
    "content-hash": "d8798bdc741f28efcff0d9869c9028b2",
    "packages": [
        {
            "name": "bcosca/fatfree-core",
            "version": "3.7.3",
            "source": {
                "type": "git",
                "url": "https://github.com/bcosca/fatfree-core.git",
                "reference": "3e23ae05384b2f830e99c5888b94118819ed948b"
            },
            "dist": {
                "type": "zip",
                "url": "https://api.github.com/repos/bcosca/fatfree-core/zipball/3e23ae05384b2f830e99c5888b94118819ed948b",
                "reference": "3e23ae05384b2f830e99c5888b94118819ed948b",
                "shasum": ""
            },
            "require": {
                "php": ">=5.4"
            },
            "type": "library",
            "autoload": {
                "classmap": [
                    "."
                ]
            },
            "notification-url": "https://packagist.org/downloads/",
            "license": [
                "GPL-3.0"
            ],
            "description": "A powerful yet easy-to-use PHP micro-framework designed to help you build dynamic and robust Web applications - fast!",
            "homepage": "http://fatfreeframework.com/",
            "support": {
                "issues": "https://github.com/bcosca/fatfree-core/issues",
                "source": "https://github.com/bcosca/fatfree-core/tree/3.7.3"
            },
            "time": "2020-12-13T12:49:39+00:00"
        },
        {
            "name": "ikkez/f3-cortex",
            "version": "v1.7.1",
            "source": {
                "type": "git",
                "url": "https://github.com/ikkez/f3-cortex.git",
                "reference": "22b7fb87ff4a406e9a6de7fee8ab4de7f580ded2"
            },
            "dist": {
                "type": "zip",
                "url": "https://api.github.com/repos/ikkez/f3-cortex/zipball/22b7fb87ff4a406e9a6de7fee8ab4de7f580ded2",
                "reference": "22b7fb87ff4a406e9a6de7fee8ab4de7f580ded2",
                "shasum": ""
            },
            "require": {
                "ikkez/f3-schema-builder": "2.*"
            },
            "type": "library",
            "autoload": {
                "classmap": [
                    "lib/"
                ]
            },
            "notification-url": "https://packagist.org/downloads/",
            "license": [
                "GPL-3.0"
            ],
            "description": "A multi-engine ORM / ODM for the PHP Fat-Free Framework",
            "homepage": "https://github.com/ikkez/f3-cortex",
            "keywords": [
                "F3",
                "fatfree",
                "mongo",
                "orm",
                "sql"
            ],
            "support": {
                "issues": "https://github.com/ikkez/f3-cortex/issues",
                "source": "https://github.com/ikkez/f3-cortex/tree/v1.7.1"
            },
            "time": "2020-12-06T22:08:57+00:00"
        },
        {
            "name": "ikkez/f3-schema-builder",
            "version": "v2.2.4",
            "source": {
                "type": "git",
                "url": "https://github.com/ikkez/f3-schema-builder.git",
                "reference": "89281f27056dc41adb6fba3f9d6eaf5dc6f81739"
            },
            "dist": {
                "type": "zip",
                "url": "https://api.github.com/repos/ikkez/f3-schema-builder/zipball/89281f27056dc41adb6fba3f9d6eaf5dc6f81739",
                "reference": "89281f27056dc41adb6fba3f9d6eaf5dc6f81739",
                "shasum": ""
            },
            "require": {
                "bcosca/fatfree-core": "^3.6"
            },
            "type": "library",
            "autoload": {
                "classmap": [
                    "lib/"
                ]
            },
            "notification-url": "https://packagist.org/downloads/",
            "license": [
                "GPL-3.0"
            ],
            "description": "SQL Schema Builder Plugin for PHP Fat-Free Framework",
            "homepage": "https://github.com/ikkez/f3-schema-builder",
            "keywords": [
                "F3",
                "fatfree",
                "sql"
            ],
            "support": {
                "issues": "https://github.com/ikkez/f3-schema-builder/issues",
                "source": "https://github.com/ikkez/f3-schema-builder/tree/v2.2.4"
            },
            "time": "2019-11-25T17:04:32+00:00"
        }
    ],
    "packages-dev": [],
    "aliases": [],
    "minimum-stability": "stable",
    "stability-flags": [],
    "prefer-stable": false,
    "prefer-lowest": false,
    "platform": [],
    "platform-dev": [],
    "plugin-api-version": "2.0.0"
}
